// !$*UTF8*$!
{
	archiveVersion = 1;
	classes = {
	};
	objectVersion = 56;
	objects = {

/* Begin PBXBuildFile section */
		ED4E3926298E494E0054A7B6 /* NetworkService.swift in Sources */ = {isa = PBXBuildFile; fileRef = ED4E3925298E494E0054A7B6 /* NetworkService.swift */; };
		ED4E392829902E590054A7B6 /* URLRequest.swift in Sources */ = {isa = PBXBuildFile; fileRef = ED4E392729902E590054A7B6 /* URLRequest.swift */; };
		ED76E9C6294DDAC000C5E6C5 /* AppDelegate.swift in Sources */ = {isa = PBXBuildFile; fileRef = ED76E9C5294DDAC000C5E6C5 /* AppDelegate.swift */; };
		ED76E9C8294DDAC000C5E6C5 /* SceneDelegate.swift in Sources */ = {isa = PBXBuildFile; fileRef = ED76E9C7294DDAC000C5E6C5 /* SceneDelegate.swift */; };
		ED76E9CA294DDAC000C5E6C5 /* ImagesListViewController.swift in Sources */ = {isa = PBXBuildFile; fileRef = ED76E9C9294DDAC000C5E6C5 /* ImagesListViewController.swift */; };
		ED76E9CD294DDAC000C5E6C5 /* Main.storyboard in Resources */ = {isa = PBXBuildFile; fileRef = ED76E9CB294DDAC000C5E6C5 /* Main.storyboard */; };
		ED76E9CF294DDAC300C5E6C5 /* Assets.xcassets in Resources */ = {isa = PBXBuildFile; fileRef = ED76E9CE294DDAC300C5E6C5 /* Assets.xcassets */; };
		ED76E9D2294DDAC300C5E6C5 /* LaunchScreen.storyboard in Resources */ = {isa = PBXBuildFile; fileRef = ED76E9D0294DDAC300C5E6C5 /* LaunchScreen.storyboard */; };
		EDA0A5B42982DCFF007ACCAA /* Constants.swift in Sources */ = {isa = PBXBuildFile; fileRef = EDA0A5B32982DCFF007ACCAA /* Constants.swift */; };
		EDA33C442991AD4000711754 /* SplashViewController.swift in Sources */ = {isa = PBXBuildFile; fileRef = EDA33C432991AD4000711754 /* SplashViewController.swift */; };
		EDA33C482992880D00711754 /* OAuthTokenResponseBody.swift in Sources */ = {isa = PBXBuildFile; fileRef = EDA33C472992880D00711754 /* OAuthTokenResponseBody.swift */; };
		EDBA8B982985109B00B92C42 /* AuthViewController.swift in Sources */ = {isa = PBXBuildFile; fileRef = EDBA8B972985109B00B92C42 /* AuthViewController.swift */; };
		EDBA8B9B2985125800B92C42 /* WebViewViewController.swift in Sources */ = {isa = PBXBuildFile; fileRef = EDBA8B9A2985125800B92C42 /* WebViewViewController.swift */; };
		EDD18AFB295A49FC009B4DFE /* ImagesListCell.swift in Sources */ = {isa = PBXBuildFile; fileRef = EDD18AFA295A49FC009B4DFE /* ImagesListCell.swift */; };
		EDDB0855296CA74100BEF0C7 /* ProfileViewController.swift in Sources */ = {isa = PBXBuildFile; fileRef = EDDB0854296CA74100BEF0C7 /* ProfileViewController.swift */; };
		EDDB0857296DCAE300BEF0C7 /* SingleImageViewController.swift in Sources */ = {isa = PBXBuildFile; fileRef = EDDB0856296DCAE300BEF0C7 /* SingleImageViewController.swift */; };
/* End PBXBuildFile section */

/* Begin PBXFileReference section */
		ED4E3925298E494E0054A7B6 /* NetworkService.swift */ = {isa = PBXFileReference; lastKnownFileType = sourcecode.swift; path = NetworkService.swift; sourceTree = "<group>"; };
		ED4E392729902E590054A7B6 /* URLRequest.swift */ = {isa = PBXFileReference; lastKnownFileType = sourcecode.swift; path = URLRequest.swift; sourceTree = "<group>"; };
		ED76E9C2294DDAC000C5E6C5 /* ImageFeed.app */ = {isa = PBXFileReference; explicitFileType = wrapper.application; includeInIndex = 0; path = ImageFeed.app; sourceTree = BUILT_PRODUCTS_DIR; };
		ED76E9C5294DDAC000C5E6C5 /* AppDelegate.swift */ = {isa = PBXFileReference; lastKnownFileType = sourcecode.swift; path = AppDelegate.swift; sourceTree = "<group>"; };
		ED76E9C7294DDAC000C5E6C5 /* SceneDelegate.swift */ = {isa = PBXFileReference; lastKnownFileType = sourcecode.swift; path = SceneDelegate.swift; sourceTree = "<group>"; };
		ED76E9C9294DDAC000C5E6C5 /* ImagesListViewController.swift */ = {isa = PBXFileReference; lastKnownFileType = sourcecode.swift; path = ImagesListViewController.swift; sourceTree = "<group>"; };
		ED76E9CC294DDAC000C5E6C5 /* Base */ = {isa = PBXFileReference; lastKnownFileType = file.storyboard; name = Base; path = Base.lproj/Main.storyboard; sourceTree = "<group>"; };
		ED76E9CE294DDAC300C5E6C5 /* Assets.xcassets */ = {isa = PBXFileReference; lastKnownFileType = folder.assetcatalog; path = Assets.xcassets; sourceTree = "<group>"; };
		ED76E9D1294DDAC300C5E6C5 /* Base */ = {isa = PBXFileReference; lastKnownFileType = file.storyboard; name = Base; path = Base.lproj/LaunchScreen.storyboard; sourceTree = "<group>"; };
		ED76E9D3294DDAC300C5E6C5 /* Info.plist */ = {isa = PBXFileReference; lastKnownFileType = text.plist.xml; path = Info.plist; sourceTree = "<group>"; };
		EDA0A5B32982DCFF007ACCAA /* Constants.swift */ = {isa = PBXFileReference; lastKnownFileType = sourcecode.swift; path = Constants.swift; sourceTree = "<group>"; };
		EDA33C432991AD4000711754 /* SplashViewController.swift */ = {isa = PBXFileReference; lastKnownFileType = sourcecode.swift; path = SplashViewController.swift; sourceTree = "<group>"; };
		EDA33C472992880D00711754 /* OAuthTokenResponseBody.swift */ = {isa = PBXFileReference; lastKnownFileType = sourcecode.swift; path = OAuthTokenResponseBody.swift; sourceTree = "<group>"; };
		EDBA8B972985109B00B92C42 /* AuthViewController.swift */ = {isa = PBXFileReference; lastKnownFileType = sourcecode.swift; path = AuthViewController.swift; sourceTree = "<group>"; };
		EDBA8B9A2985125800B92C42 /* WebViewViewController.swift */ = {isa = PBXFileReference; lastKnownFileType = sourcecode.swift; path = WebViewViewController.swift; sourceTree = "<group>"; };
		EDD18AFA295A49FC009B4DFE /* ImagesListCell.swift */ = {isa = PBXFileReference; lastKnownFileType = sourcecode.swift; path = ImagesListCell.swift; sourceTree = "<group>"; };
		EDDB0854296CA74100BEF0C7 /* ProfileViewController.swift */ = {isa = PBXFileReference; lastKnownFileType = sourcecode.swift; path = ProfileViewController.swift; sourceTree = "<group>"; };
		EDDB0856296DCAE300BEF0C7 /* SingleImageViewController.swift */ = {isa = PBXFileReference; lastKnownFileType = sourcecode.swift; path = SingleImageViewController.swift; sourceTree = "<group>"; };
/* End PBXFileReference section */

/* Begin PBXFrameworksBuildPhase section */
		ED76E9BF294DDAC000C5E6C5 /* Frameworks */ = {
			isa = PBXFrameworksBuildPhase;
			buildActionMask = 2147483647;
			files = (
			);
			runOnlyForDeploymentPostprocessing = 0;
		};
/* End PBXFrameworksBuildPhase section */

/* Begin PBXGroup section */
		ED76E9B9294DDAC000C5E6C5 = {
			isa = PBXGroup;
			children = (
				ED76E9C4294DDAC000C5E6C5 /* ImageFeed */,
				ED76E9C3294DDAC000C5E6C5 /* Products */,
			);
			sourceTree = "<group>";
		};
		ED76E9C3294DDAC000C5E6C5 /* Products */ = {
			isa = PBXGroup;
			children = (
				ED76E9C2294DDAC000C5E6C5 /* ImageFeed.app */,
			);
			name = Products;
			sourceTree = "<group>";
		};
		ED76E9C4294DDAC000C5E6C5 /* ImageFeed */ = {
			isa = PBXGroup;
			children = (
				ED76E9C5294DDAC000C5E6C5 /* AppDelegate.swift */,
				ED76E9C7294DDAC000C5E6C5 /* SceneDelegate.swift */,
				ED76E9CB294DDAC000C5E6C5 /* Main.storyboard */,
				EDBA8B99298510A100B92C42 /* Auth */,
				ED76E9CE294DDAC300C5E6C5 /* Assets.xcassets */,
				EDA33C452991AD4500711754 /* SplashView */,
				ED76E9D0294DDAC300C5E6C5 /* LaunchScreen.storyboard */,
				EDA0A5B32982DCFF007ACCAA /* Constants.swift */,
				EDA33C462991AD8400711754 /* Network */,
				EDDB0859296DD00800BEF0C7 /* ProfileView */,
				ED76E9D3294DDAC300C5E6C5 /* Info.plist */,
				EDDB0858296DCFE700BEF0C7 /* SingleImageView */,
				EDD18AFC295A4A71009B4DFE /* ImagesList */,
			);
			path = ImageFeed;
			sourceTree = "<group>";
		};
		EDA33C452991AD4500711754 /* SplashView */ = {
			isa = PBXGroup;
			children = (
				EDA33C432991AD4000711754 /* SplashViewController.swift */,
			);
			path = SplashView;
			sourceTree = "<group>";
		};
		EDA33C462991AD8400711754 /* Network */ = {
			isa = PBXGroup;
			children = (
				ED4E3925298E494E0054A7B6 /* NetworkService.swift */,
				EDA33C472992880D00711754 /* OAuthTokenResponseBody.swift */,
				ED4E392729902E590054A7B6 /* URLRequest.swift */,
			);
			path = Network;
			sourceTree = "<group>";
		};
		EDBA8B99298510A100B92C42 /* Auth */ = {
			isa = PBXGroup;
			children = (
				EDBA8B972985109B00B92C42 /* AuthViewController.swift */,
				EDBA8B9A2985125800B92C42 /* WebViewViewController.swift */,
			);
			path = Auth;
			sourceTree = "<group>";
		};
		EDD18AFC295A4A71009B4DFE /* ImagesList */ = {
			isa = PBXGroup;
			children = (
				ED76E9C9294DDAC000C5E6C5 /* ImagesListViewController.swift */,
				EDD18AFA295A49FC009B4DFE /* ImagesListCell.swift */,
			);
			path = ImagesList;
			sourceTree = "<group>";
		};
		EDDB0858296DCFE700BEF0C7 /* SingleImageView */ = {
			isa = PBXGroup;
			children = (
				EDDB0856296DCAE300BEF0C7 /* SingleImageViewController.swift */,
			);
			path = SingleImageView;
			sourceTree = "<group>";
		};
		EDDB0859296DD00800BEF0C7 /* ProfileView */ = {
			isa = PBXGroup;
			children = (
				EDDB0854296CA74100BEF0C7 /* ProfileViewController.swift */,
			);
			path = ProfileView;
			sourceTree = "<group>";
		};
/* End PBXGroup section */

/* Begin PBXNativeTarget section */
		ED76E9C1294DDAC000C5E6C5 /* ImageFeed */ = {
			isa = PBXNativeTarget;
			buildConfigurationList = ED76E9D6294DDAC300C5E6C5 /* Build configuration list for PBXNativeTarget "ImageFeed" */;
			buildPhases = (
				ED76E9BE294DDAC000C5E6C5 /* Sources */,
				ED76E9BF294DDAC000C5E6C5 /* Frameworks */,
				ED76E9C0294DDAC000C5E6C5 /* Resources */,
			);
			buildRules = (
			);
			dependencies = (
			);
			name = ImageFeed;
			productName = ImageFeed;
			productReference = ED76E9C2294DDAC000C5E6C5 /* ImageFeed.app */;
			productType = "com.apple.product-type.application";
		};
/* End PBXNativeTarget section */

/* Begin PBXProject section */
		ED76E9BA294DDAC000C5E6C5 /* Project object */ = {
			isa = PBXProject;
			attributes = {
				BuildIndependentTargetsInParallel = 1;
				LastSwiftUpdateCheck = 1410;
				LastUpgradeCheck = 1410;
				TargetAttributes = {
					ED76E9C1294DDAC000C5E6C5 = {
						CreatedOnToolsVersion = 14.1;
					};
				};
			};
			buildConfigurationList = ED76E9BD294DDAC000C5E6C5 /* Build configuration list for PBXProject "ImageFeed" */;
			compatibilityVersion = "Xcode 14.0";
			developmentRegion = en;
			hasScannedForEncodings = 0;
			knownRegions = (
				en,
				Base,
			);
			mainGroup = ED76E9B9294DDAC000C5E6C5;
			productRefGroup = ED76E9C3294DDAC000C5E6C5 /* Products */;
			projectDirPath = "";
			projectRoot = "";
			targets = (
				ED76E9C1294DDAC000C5E6C5 /* ImageFeed */,
			);
		};
/* End PBXProject section */

/* Begin PBXResourcesBuildPhase section */
		ED76E9C0294DDAC000C5E6C5 /* Resources */ = {
			isa = PBXResourcesBuildPhase;
			buildActionMask = 2147483647;
			files = (
				ED76E9D2294DDAC300C5E6C5 /* LaunchScreen.storyboard in Resources */,
				ED76E9CF294DDAC300C5E6C5 /* Assets.xcassets in Resources */,
				ED76E9CD294DDAC000C5E6C5 /* Main.storyboard in Resources */,
			);
			runOnlyForDeploymentPostprocessing = 0;
		};
/* End PBXResourcesBuildPhase section */

/* Begin PBXSourcesBuildPhase section */
		ED76E9BE294DDAC000C5E6C5 /* Sources */ = {
			isa = PBXSourcesBuildPhase;
			buildActionMask = 2147483647;
			files = (
				ED4E3926298E494E0054A7B6 /* NetworkService.swift in Sources */,
				ED76E9CA294DDAC000C5E6C5 /* ImagesListViewController.swift in Sources */,
				EDD18AFB295A49FC009B4DFE /* ImagesListCell.swift in Sources */,
				EDA33C442991AD4000711754 /* SplashViewController.swift in Sources */,
				EDDB0855296CA74100BEF0C7 /* ProfileViewController.swift in Sources */,
				EDA33C482992880D00711754 /* OAuthTokenResponseBody.swift in Sources */,
				ED76E9C6294DDAC000C5E6C5 /* AppDelegate.swift in Sources */,
				EDBA8B982985109B00B92C42 /* AuthViewController.swift in Sources */,
				EDA0A5B42982DCFF007ACCAA /* Constants.swift in Sources */,
				ED4E392829902E590054A7B6 /* URLRequest.swift in Sources */,
				EDDB0857296DCAE300BEF0C7 /* SingleImageViewController.swift in Sources */,
				EDBA8B9B2985125800B92C42 /* WebViewViewController.swift in Sources */,
				ED76E9C8294DDAC000C5E6C5 /* SceneDelegate.swift in Sources */,
			);
			runOnlyForDeploymentPostprocessing = 0;
		};
/* End PBXSourcesBuildPhase section */

/* Begin PBXVariantGroup section */
		ED76E9CB294DDAC000C5E6C5 /* Main.storyboard */ = {
			isa = PBXVariantGroup;
			children = (
				ED76E9CC294DDAC000C5E6C5 /* Base */,
			);
			name = Main.storyboard;
			sourceTree = "<group>";
		};
		ED76E9D0294DDAC300C5E6C5 /* LaunchScreen.storyboard */ = {
			isa = PBXVariantGroup;
			children = (
				ED76E9D1294DDAC300C5E6C5 /* Base */,
			);
			name = LaunchScreen.storyboard;
			sourceTree = "<group>";
		};
/* End PBXVariantGroup section */

/* Begin XCBuildConfiguration section */
		ED76E9D4294DDAC300C5E6C5 /* Debug */ = {
			isa = XCBuildConfiguration;
			buildSettings = {
				ALWAYS_SEARCH_USER_PATHS = NO;
				CLANG_ANALYZER_NONNULL = YES;
				CLANG_ANALYZER_NUMBER_OBJECT_CONVERSION = YES_AGGRESSIVE;
				CLANG_CXX_LANGUAGE_STANDARD = "gnu++20";
				CLANG_ENABLE_MODULES = YES;
				CLANG_ENABLE_OBJC_ARC = YES;
				CLANG_ENABLE_OBJC_WEAK = YES;
				CLANG_WARN_BLOCK_CAPTURE_AUTORELEASING = YES;
				CLANG_WARN_BOOL_CONVERSION = YES;
				CLANG_WARN_COMMA = YES;
				CLANG_WARN_CONSTANT_CONVERSION = YES;
				CLANG_WARN_DEPRECATED_OBJC_IMPLEMENTATIONS = YES;
				CLANG_WARN_DIRECT_OBJC_ISA_USAGE = YES_ERROR;
				CLANG_WARN_DOCUMENTATION_COMMENTS = YES;
				CLANG_WARN_EMPTY_BODY = YES;
				CLANG_WARN_ENUM_CONVERSION = YES;
				CLANG_WARN_INFINITE_RECURSION = YES;
				CLANG_WARN_INT_CONVERSION = YES;
				CLANG_WARN_NON_LITERAL_NULL_CONVERSION = YES;
				CLANG_WARN_OBJC_IMPLICIT_RETAIN_SELF = YES;
				CLANG_WARN_OBJC_LITERAL_CONVERSION = YES;
				CLANG_WARN_OBJC_ROOT_CLASS = YES_ERROR;
				CLANG_WARN_QUOTED_INCLUDE_IN_FRAMEWORK_HEADER = YES;
				CLANG_WARN_RANGE_LOOP_ANALYSIS = YES;
				CLANG_WARN_STRICT_PROTOTYPES = YES;
				CLANG_WARN_SUSPICIOUS_MOVE = YES;
				CLANG_WARN_UNGUARDED_AVAILABILITY = YES_AGGRESSIVE;
				CLANG_WARN_UNREACHABLE_CODE = YES;
				CLANG_WARN__DUPLICATE_METHOD_MATCH = YES;
				COPY_PHASE_STRIP = NO;
				DEBUG_INFORMATION_FORMAT = dwarf;
				ENABLE_STRICT_OBJC_MSGSEND = YES;
				ENABLE_TESTABILITY = YES;
				GCC_C_LANGUAGE_STANDARD = gnu11;
				GCC_DYNAMIC_NO_PIC = NO;
				GCC_NO_COMMON_BLOCKS = YES;
				GCC_OPTIMIZATION_LEVEL = 0;
				GCC_PREPROCESSOR_DEFINITIONS = (
					"DEBUG=1",
					"$(inherited)",
				);
				GCC_WARN_64_TO_32_BIT_CONVERSION = YES;
				GCC_WARN_ABOUT_RETURN_TYPE = YES_ERROR;
				GCC_WARN_UNDECLARED_SELECTOR = YES;
				GCC_WARN_UNINITIALIZED_AUTOS = YES_AGGRESSIVE;
				GCC_WARN_UNUSED_FUNCTION = YES;
				GCC_WARN_UNUSED_VARIABLE = YES;
				IPHONEOS_DEPLOYMENT_TARGET = 16.1;
				MTL_ENABLE_DEBUG_INFO = INCLUDE_SOURCE;
				MTL_FAST_MATH = YES;
				ONLY_ACTIVE_ARCH = YES;
				SDKROOT = iphoneos;
				SWIFT_ACTIVE_COMPILATION_CONDITIONS = DEBUG;
				SWIFT_OPTIMIZATION_LEVEL = "-Onone";
			};
			name = Debug;
		};
		ED76E9D5294DDAC300C5E6C5 /* Release */ = {
			isa = XCBuildConfiguration;
			buildSettings = {
				ALWAYS_SEARCH_USER_PATHS = NO;
				CLANG_ANALYZER_NONNULL = YES;
				CLANG_ANALYZER_NUMBER_OBJECT_CONVERSION = YES_AGGRESSIVE;
				CLANG_CXX_LANGUAGE_STANDARD = "gnu++20";
				CLANG_ENABLE_MODULES = YES;
				CLANG_ENABLE_OBJC_ARC = YES;
				CLANG_ENABLE_OBJC_WEAK = YES;
				CLANG_WARN_BLOCK_CAPTURE_AUTORELEASING = YES;
				CLANG_WARN_BOOL_CONVERSION = YES;
				CLANG_WARN_COMMA = YES;
				CLANG_WARN_CONSTANT_CONVERSION = YES;
				CLANG_WARN_DEPRECATED_OBJC_IMPLEMENTATIONS = YES;
				CLANG_WARN_DIRECT_OBJC_ISA_USAGE = YES_ERROR;
				CLANG_WARN_DOCUMENTATION_COMMENTS = YES;
				CLANG_WARN_EMPTY_BODY = YES;
				CLANG_WARN_ENUM_CONVERSION = YES;
				CLANG_WARN_INFINITE_RECURSION = YES;
				CLANG_WARN_INT_CONVERSION = YES;
				CLANG_WARN_NON_LITERAL_NULL_CONVERSION = YES;
				CLANG_WARN_OBJC_IMPLICIT_RETAIN_SELF = YES;
				CLANG_WARN_OBJC_LITERAL_CONVERSION = YES;
				CLANG_WARN_OBJC_ROOT_CLASS = YES_ERROR;
				CLANG_WARN_QUOTED_INCLUDE_IN_FRAMEWORK_HEADER = YES;
				CLANG_WARN_RANGE_LOOP_ANALYSIS = YES;
				CLANG_WARN_STRICT_PROTOTYPES = YES;
				CLANG_WARN_SUSPICIOUS_MOVE = YES;
				CLANG_WARN_UNGUARDED_AVAILABILITY = YES_AGGRESSIVE;
				CLANG_WARN_UNREACHABLE_CODE = YES;
				CLANG_WARN__DUPLICATE_METHOD_MATCH = YES;
				COPY_PHASE_STRIP = NO;
				DEBUG_INFORMATION_FORMAT = "dwarf-with-dsym";
				ENABLE_NS_ASSERTIONS = NO;
				ENABLE_STRICT_OBJC_MSGSEND = YES;
				GCC_C_LANGUAGE_STANDARD = gnu11;
				GCC_NO_COMMON_BLOCKS = YES;
				GCC_WARN_64_TO_32_BIT_CONVERSION = YES;
				GCC_WARN_ABOUT_RETURN_TYPE = YES_ERROR;
				GCC_WARN_UNDECLARED_SELECTOR = YES;
				GCC_WARN_UNINITIALIZED_AUTOS = YES_AGGRESSIVE;
				GCC_WARN_UNUSED_FUNCTION = YES;
				GCC_WARN_UNUSED_VARIABLE = YES;
				IPHONEOS_DEPLOYMENT_TARGET = 16.1;
				MTL_ENABLE_DEBUG_INFO = NO;
				MTL_FAST_MATH = YES;
				SDKROOT = iphoneos;
				SWIFT_COMPILATION_MODE = wholemodule;
				SWIFT_OPTIMIZATION_LEVEL = "-O";
				VALIDATE_PRODUCT = YES;
			};
			name = Release;
		};
		ED76E9D7294DDAC300C5E6C5 /* Debug */ = {
			isa = XCBuildConfiguration;
			buildSettings = {
				ASSETCATALOG_COMPILER_APPICON_NAME = AppIcon;
				ASSETCATALOG_COMPILER_GLOBAL_ACCENT_COLOR_NAME = AccentColor;
				CODE_SIGN_STYLE = Automatic;
				CURRENT_PROJECT_VERSION = 1;
				DEVELOPMENT_TEAM = 9K66T8R5AQ;
				GENERATE_INFOPLIST_FILE = YES;
				INFOPLIST_FILE = ImageFeed/Info.plist;
				INFOPLIST_KEY_UIApplicationSupportsIndirectInputEvents = YES;
				INFOPLIST_KEY_UILaunchStoryboardName = LaunchScreen;
				INFOPLIST_KEY_UIMainStoryboardFile = Main;
				INFOPLIST_KEY_UISupportedInterfaceOrientations = UIInterfaceOrientationPortrait;
				INFOPLIST_KEY_UISupportedInterfaceOrientations_iPad = "UIInterfaceOrientationPortraitUpsideDown UIInterfaceOrientationLandscapeRight UIInterfaceOrientationPortrait UIInterfaceOrientationPortraitUpsideDown";
				IPHONEOS_DEPLOYMENT_TARGET = 13.0;
				LD_RUNPATH_SEARCH_PATHS = (
					"$(inherited)",
					"@executable_path/Frameworks",
				);
				MARKETING_VERSION = 1.0;
				PRODUCT_BUNDLE_IDENTIFIER = ru.uglyqurill.ImageFeed;
				PRODUCT_NAME = "$(TARGET_NAME)";
				SUPPORTED_PLATFORMS = "iphoneos iphonesimulator";
				SUPPORTS_MACCATALYST = NO;
				SUPPORTS_MAC_DESIGNED_FOR_IPHONE_IPAD = NO;
				SWIFT_EMIT_LOC_STRINGS = YES;
				SWIFT_VERSION = 5.0;
				TARGETED_DEVICE_FAMILY = 1;
			};
			name = Debug;
		};
		ED76E9D8294DDAC300C5E6C5 /* Release */ = {
			isa = XCBuildConfiguration;
			buildSettings = {
				ASSETCATALOG_COMPILER_APPICON_NAME = AppIcon;
				ASSETCATALOG_COMPILER_GLOBAL_ACCENT_COLOR_NAME = AccentColor;
				CODE_SIGN_STYLE = Automatic;
				CURRENT_PROJECT_VERSION = 1;
				DEVELOPMENT_TEAM = 9K66T8R5AQ;
				GENERATE_INFOPLIST_FILE = YES;
				INFOPLIST_FILE = ImageFeed/Info.plist;
				INFOPLIST_KEY_UIApplicationSupportsIndirectInputEvents = YES;
				INFOPLIST_KEY_UILaunchStoryboardName = LaunchScreen;
				INFOPLIST_KEY_UIMainStoryboardFile = Main;
				INFOPLIST_KEY_UISupportedInterfaceOrientations = UIInterfaceOrientationPortrait;
				INFOPLIST_KEY_UISupportedInterfaceOrientations_iPad = "UIInterfaceOrientationPortraitUpsideDown UIInterfaceOrientationLandscapeRight UIInterfaceOrientationPortrait UIInterfaceOrientationPortraitUpsideDown";
				IPHONEOS_DEPLOYMENT_TARGET = 13.0;
				LD_RUNPATH_SEARCH_PATHS = (
					"$(inherited)",
					"@executable_path/Frameworks",
				);
				MARKETING_VERSION = 1.0;
				PRODUCT_BUNDLE_IDENTIFIER = ru.uglyqurill.ImageFeed;
				PRODUCT_NAME = "$(TARGET_NAME)";
				SUPPORTED_PLATFORMS = "iphoneos iphonesimulator";
				SUPPORTS_MACCATALYST = NO;
				SUPPORTS_MAC_DESIGNED_FOR_IPHONE_IPAD = NO;
				SWIFT_EMIT_LOC_STRINGS = YES;
				SWIFT_VERSION = 5.0;
				TARGETED_DEVICE_FAMILY = 1;
			};
			name = Release;
		};
/* End XCBuildConfiguration section */

/* Begin XCConfigurationList section */
		ED76E9BD294DDAC000C5E6C5 /* Build configuration list for PBXProject "ImageFeed" */ = {
			isa = XCConfigurationList;
			buildConfigurations = (
				ED76E9D4294DDAC300C5E6C5 /* Debug */,
				ED76E9D5294DDAC300C5E6C5 /* Release */,
			);
			defaultConfigurationIsVisible = 0;
			defaultConfigurationName = Release;
		};
		ED76E9D6294DDAC300C5E6C5 /* Build configuration list for PBXNativeTarget "ImageFeed" */ = {
			isa = XCConfigurationList;
			buildConfigurations = (
				ED76E9D7294DDAC300C5E6C5 /* Debug */,
				ED76E9D8294DDAC300C5E6C5 /* Release */,
			);
			defaultConfigurationIsVisible = 0;
			defaultConfigurationName = Release;
		};
/* End XCConfigurationList section */
	};
	rootObject = ED76E9BA294DDAC000C5E6C5 /* Project object */;
}
